
Microsoft Visual Studio Solution File, Format Version 12.00
# Visual Studio Version 17
VisualStudioVersion = 17.11.35327.3
MinimumVisualStudioVersion = 10.0.40219.1
Project("{FAE04EC0-301F-11D3-BF4B-00C04F79EFBC}") = "Catalana", "Catalana\Catalana.csproj", "{059BA583-5CD3-4695-BBFD-7E74C28AAD54}"
EndProject
Project("{2150E333-8FDC-42A3-9474-1A3956D46DE8}") = "Test", "Test", "{BC960A6C-1C63-498E-8FBA-CB629D615EE3}"
EndProject
Project("{FAE04EC0-301F-11D3-BF4B-00C04F79EFBC}") = "TestProject", "TestProject\TestProject.csproj", "{674F9593-63DE-4694-B6A7-3D059DE6BB0C}"
EndProject
Global
	GlobalSection(SolutionConfigurationPlatforms) = preSolution
		Debug|Any CPU = Debug|Any CPU
		Release|Any CPU = Release|Any CPU
	EndGlobalSection
	GlobalSection(ProjectConfigurationPlatforms) = postSolution
		{059BA583-5CD3-4695-BBFD-7E74C28AAD54}.Debug|Any CPU.ActiveCfg = Debug|Any CPU
		{059BA583-5CD3-4695-BBFD-7E74C28AAD54}.Debug|Any CPU.Build.0 = Debug|Any CPU
		{059BA583-5CD3-4695-BBFD-7E74C28AAD54}.Release|Any CPU.ActiveCfg = Release|Any CPU
		{059BA583-5CD3-4695-BBFD-7E74C28AAD54}.Release|Any CPU.Build.0 = Release|Any CPU
		{674F9593-63DE-4694-B6A7-3D059DE6BB0C}.Debug|Any CPU.ActiveCfg = Debug|Any CPU
		{674F9593-63DE-4694-B6A7-3D059DE6BB0C}.Debug|Any CPU.Build.0 = Debug|Any CPU
		{674F9593-63DE-4694-B6A7-3D059DE6BB0C}.Release|Any CPU.ActiveCfg = Release|Any CPU
		{674F9593-63DE-4694-B6A7-3D059DE6BB0C}.Release|Any CPU.Build.0 = Release|Any CPU
	EndGlobalSection
	GlobalSection(SolutionProperties) = preSolution
		HideSolutionNode = FALSE
	EndGlobalSection
	GlobalSection(NestedProjects) = preSolution
		{674F9593-63DE-4694-B6A7-3D059DE6BB0C} = {BC960A6C-1C63-498E-8FBA-CB629D615EE3}
	EndGlobalSection
	GlobalSection(ExtensibilityGlobals) = postSolution
		SolutionGuid = {99C81DE0-ECC5-4EC7-8CCF-EF25CA247C85}
	EndGlobalSection
EndGlobal
